
Microsoft Visual Studio Solution File, Format Version 12.00
# Visual Studio 15
VisualStudioVersion = 15.0.28307.329
MinimumVisualStudioVersion = 10.0.40219.1
Project("{9A19103F-16F7-4668-BE54-9A1E7A4F7556}") = "vueling_otd_t23", "vueling_otd_t23\vueling_otd_t23.csproj", "{66A2960A-D7DD-4416-9F06-19E1E10056B9}"
EndProject
Project("{9A19103F-16F7-4668-BE54-9A1E7A4F7556}") = "Services", "Services\Services.csproj", "{9782EB90-CE24-47EF-B5C5-3B8ACBC4A8D1}"
EndProject
Project("{FAE04EC0-301F-11D3-BF4B-00C04F79EFBC}") = "Domain", "Domain\Domain.csproj", "{F6BFBDFB-0F5D-4C50-AACE-ABEDD5A2A4E6}"
EndProject
Global
	GlobalSection(SolutionConfigurationPlatforms) = preSolution
		Debug|Any CPU = Debug|Any CPU
		Release|Any CPU = Release|Any CPU
	EndGlobalSection
	GlobalSection(ProjectConfigurationPlatforms) = postSolution
		{66A2960A-D7DD-4416-9F06-19E1E10056B9}.Debug|Any CPU.ActiveCfg = Debug|Any CPU
		{66A2960A-D7DD-4416-9F06-19E1E10056B9}.Debug|Any CPU.Build.0 = Debug|Any CPU
		{66A2960A-D7DD-4416-9F06-19E1E10056B9}.Release|Any CPU.ActiveCfg = Release|Any CPU
		{66A2960A-D7DD-4416-9F06-19E1E10056B9}.Release|Any CPU.Build.0 = Release|Any CPU
		{9782EB90-CE24-47EF-B5C5-3B8ACBC4A8D1}.Debug|Any CPU.ActiveCfg = Debug|Any CPU
		{9782EB90-CE24-47EF-B5C5-3B8ACBC4A8D1}.Debug|Any CPU.Build.0 = Debug|Any CPU
		{9782EB90-CE24-47EF-B5C5-3B8ACBC4A8D1}.Release|Any CPU.ActiveCfg = Release|Any CPU
		{9782EB90-CE24-47EF-B5C5-3B8ACBC4A8D1}.Release|Any CPU.Build.0 = Release|Any CPU
		{F6BFBDFB-0F5D-4C50-AACE-ABEDD5A2A4E6}.Debug|Any CPU.ActiveCfg = Debug|Any CPU
		{F6BFBDFB-0F5D-4C50-AACE-ABEDD5A2A4E6}.Debug|Any CPU.Build.0 = Debug|Any CPU
		{F6BFBDFB-0F5D-4C50-AACE-ABEDD5A2A4E6}.Release|Any CPU.ActiveCfg = Release|Any CPU
		{F6BFBDFB-0F5D-4C50-AACE-ABEDD5A2A4E6}.Release|Any CPU.Build.0 = Release|Any CPU
	EndGlobalSection
	GlobalSection(SolutionProperties) = preSolution
		HideSolutionNode = FALSE
	EndGlobalSection
	GlobalSection(ExtensibilityGlobals) = postSolution
		SolutionGuid = {9EF2B64A-2DB4-4DE9-84A4-213C423D8257}
	EndGlobalSection
EndGlobal
